
Microsoft Visual Studio Solution File, Format Version 12.00
# Visual Studio 14
VisualStudioVersion = 14.0.24720.0
MinimumVisualStudioVersion = 10.0.40219.1
Project("{FAE04EC0-301F-11D3-BF4B-00C04F79EFBC}") = "AngryProfessor", "AngryProfessor\AngryProfessor.csproj", "{76E4CCEF-3E06-4685-B221-1F62B70D55A5}"
EndProject
Project("{FAE04EC0-301F-11D3-BF4B-00C04F79EFBC}") = "diagonal", "diagonal\diagonal\diagonal.csproj", "{DF820337-1CD8-48D2-AA91-98DA6D42B1AF}"
EndProject
Project("{2150E333-8FDC-42A3-9474-1A3956D46DE8}") = "Solution Items", "Solution Items", "{180B3193-A181-4B11-9A17-E3A896860A3F}"
	ProjectSection(SolutionItems) = preProject
		BigInteger\BigInteger.csproj = BigInteger\BigInteger.csproj
	EndProjectSection
EndProject
Project("{2150E333-8FDC-42A3-9474-1A3956D46DE8}") = "DataStructures", "DataStructures", "{EF38AF7F-04C4-4128-B84A-811FF926DBC4}"
EndProject
Project("{FAE04EC0-301F-11D3-BF4B-00C04F79EFBC}") = "Arrays-DS", "Arrays-DS\Arrays-DS.csproj", "{FC17F08B-8B56-47C0-BCDE-554D88FB9F8E}"
EndProject
Project("{FAE04EC0-301F-11D3-BF4B-00C04F79EFBC}") = "2DArray-DS", "2DArray-DS\2DArray-DS.csproj", "{FA769724-B672-4492-A37A-2BF7208AA3AB}"
EndProject
Project("{FAE04EC0-301F-11D3-BF4B-00C04F79EFBC}") = "DynamicArray", "DynamicArray\DynamicArray.csproj", "{378941AA-B91D-411E-AF3E-1C09DAB69B3F}"
EndProject
Project("{FAE04EC0-301F-11D3-BF4B-00C04F79EFBC}") = "SparseArrays", "SparseArrays\SparseArrays.csproj", "{DE259BFF-BA7E-4FDA-ACB0-8887F6FE7451}"
EndProject
Project("{2150E333-8FDC-42A3-9474-1A3956D46DE8}") = "sandBox", "sandBox", "{48C1D926-3790-46FF-88BE-EA70EA375AA4}"
EndProject
Project("{FAE04EC0-301F-11D3-BF4B-00C04F79EFBC}") = "sandBox", "sandBox\sandBox.csproj", "{EABE1B4E-EEC7-45FD-8574-97E683490C60}"
EndProject
Project("{2150E333-8FDC-42A3-9474-1A3956D46DE8}") = "Mathematics", "Mathematics", "{B3AD1972-E0DC-4A74-A80A-C9CB649AE1F3}"
EndProject
Project("{2150E333-8FDC-42A3-9474-1A3956D46DE8}") = "Fundamentals", "Fundamentals", "{7D9BE41F-B6FC-4E47-B356-C8C372849623}"
EndProject
Project("{FAE04EC0-301F-11D3-BF4B-00C04F79EFBC}") = "ReverseGame", "ReverseGame\ReverseGame.csproj", "{7B20F2C6-CD7D-46F2-B038-679DAE5BE1B4}"
EndProject
Project("{2150E333-8FDC-42A3-9474-1A3956D46DE8}") = "CrackingCodingInterview", "CrackingCodingInterview", "{C1158F77-4DBD-4822-AAAF-484F4F693E54}"
EndProject
Project("{FAE04EC0-301F-11D3-BF4B-00C04F79EFBC}") = "ArrayLeftRotation", "ArrayLeftRotation\ArrayLeftRotation.csproj", "{BBB151A6-7C3A-4F9C-9557-3C9F6D77AA77}"
EndProject
Project("{FAE04EC0-301F-11D3-BF4B-00C04F79EFBC}") = "MakingAnagrams", "MakingAnagrams\MakingAnagrams.csproj", "{14AA9E63-E75E-4890-8076-5816D68BB734}"
EndProject
Project("{FAE04EC0-301F-11D3-BF4B-00C04F79EFBC}") = "MakingAnagrams2", "MakingAnagrams2\MakingAnagrams2.csproj", "{57F94A21-885E-400B-84A7-10F6272F6B46}"
EndProject
Global
	GlobalSection(SolutionConfigurationPlatforms) = preSolution
		Debug|Any CPU = Debug|Any CPU
		Release|Any CPU = Release|Any CPU
	EndGlobalSection
	GlobalSection(ProjectConfigurationPlatforms) = postSolution
		{76E4CCEF-3E06-4685-B221-1F62B70D55A5}.Debug|Any CPU.ActiveCfg = Debug|Any CPU
		{76E4CCEF-3E06-4685-B221-1F62B70D55A5}.Debug|Any CPU.Build.0 = Debug|Any CPU
		{76E4CCEF-3E06-4685-B221-1F62B70D55A5}.Release|Any CPU.ActiveCfg = Release|Any CPU
		{76E4CCEF-3E06-4685-B221-1F62B70D55A5}.Release|Any CPU.Build.0 = Release|Any CPU
		{DF820337-1CD8-48D2-AA91-98DA6D42B1AF}.Debug|Any CPU.ActiveCfg = Debug|Any CPU
		{DF820337-1CD8-48D2-AA91-98DA6D42B1AF}.Debug|Any CPU.Build.0 = Debug|Any CPU
		{DF820337-1CD8-48D2-AA91-98DA6D42B1AF}.Release|Any CPU.ActiveCfg = Release|Any CPU
		{DF820337-1CD8-48D2-AA91-98DA6D42B1AF}.Release|Any CPU.Build.0 = Release|Any CPU
		{FC17F08B-8B56-47C0-BCDE-554D88FB9F8E}.Debug|Any CPU.ActiveCfg = Debug|Any CPU
		{FC17F08B-8B56-47C0-BCDE-554D88FB9F8E}.Debug|Any CPU.Build.0 = Debug|Any CPU
		{FC17F08B-8B56-47C0-BCDE-554D88FB9F8E}.Release|Any CPU.ActiveCfg = Release|Any CPU
		{FC17F08B-8B56-47C0-BCDE-554D88FB9F8E}.Release|Any CPU.Build.0 = Release|Any CPU
		{FA769724-B672-4492-A37A-2BF7208AA3AB}.Debug|Any CPU.ActiveCfg = Debug|Any CPU
		{FA769724-B672-4492-A37A-2BF7208AA3AB}.Debug|Any CPU.Build.0 = Debug|Any CPU
		{FA769724-B672-4492-A37A-2BF7208AA3AB}.Release|Any CPU.ActiveCfg = Release|Any CPU
		{FA769724-B672-4492-A37A-2BF7208AA3AB}.Release|Any CPU.Build.0 = Release|Any CPU
		{378941AA-B91D-411E-AF3E-1C09DAB69B3F}.Debug|Any CPU.ActiveCfg = Debug|Any CPU
		{378941AA-B91D-411E-AF3E-1C09DAB69B3F}.Debug|Any CPU.Build.0 = Debug|Any CPU
		{378941AA-B91D-411E-AF3E-1C09DAB69B3F}.Release|Any CPU.ActiveCfg = Release|Any CPU
		{378941AA-B91D-411E-AF3E-1C09DAB69B3F}.Release|Any CPU.Build.0 = Release|Any CPU
		{DE259BFF-BA7E-4FDA-ACB0-8887F6FE7451}.Debug|Any CPU.ActiveCfg = Debug|Any CPU
		{DE259BFF-BA7E-4FDA-ACB0-8887F6FE7451}.Debug|Any CPU.Build.0 = Debug|Any CPU
		{DE259BFF-BA7E-4FDA-ACB0-8887F6FE7451}.Release|Any CPU.ActiveCfg = Release|Any CPU
		{DE259BFF-BA7E-4FDA-ACB0-8887F6FE7451}.Release|Any CPU.Build.0 = Release|Any CPU
		{EABE1B4E-EEC7-45FD-8574-97E683490C60}.Debug|Any CPU.ActiveCfg = Debug|Any CPU
		{EABE1B4E-EEC7-45FD-8574-97E683490C60}.Debug|Any CPU.Build.0 = Debug|Any CPU
		{EABE1B4E-EEC7-45FD-8574-97E683490C60}.Release|Any CPU.ActiveCfg = Release|Any CPU
		{EABE1B4E-EEC7-45FD-8574-97E683490C60}.Release|Any CPU.Build.0 = Release|Any CPU
		{7B20F2C6-CD7D-46F2-B038-679DAE5BE1B4}.Debug|Any CPU.ActiveCfg = Debug|Any CPU
		{7B20F2C6-CD7D-46F2-B038-679DAE5BE1B4}.Debug|Any CPU.Build.0 = Debug|Any CPU
		{7B20F2C6-CD7D-46F2-B038-679DAE5BE1B4}.Release|Any CPU.ActiveCfg = Release|Any CPU
		{7B20F2C6-CD7D-46F2-B038-679DAE5BE1B4}.Release|Any CPU.Build.0 = Release|Any CPU
		{BBB151A6-7C3A-4F9C-9557-3C9F6D77AA77}.Debug|Any CPU.ActiveCfg = Debug|Any CPU
		{BBB151A6-7C3A-4F9C-9557-3C9F6D77AA77}.Debug|Any CPU.Build.0 = Debug|Any CPU
		{BBB151A6-7C3A-4F9C-9557-3C9F6D77AA77}.Release|Any CPU.ActiveCfg = Release|Any CPU
		{BBB151A6-7C3A-4F9C-9557-3C9F6D77AA77}.Release|Any CPU.Build.0 = Release|Any CPU
		{14AA9E63-E75E-4890-8076-5816D68BB734}.Debug|Any CPU.ActiveCfg = Debug|Any CPU
		{14AA9E63-E75E-4890-8076-5816D68BB734}.Debug|Any CPU.Build.0 = Debug|Any CPU
		{14AA9E63-E75E-4890-8076-5816D68BB734}.Release|Any CPU.ActiveCfg = Release|Any CPU
		{14AA9E63-E75E-4890-8076-5816D68BB734}.Release|Any CPU.Build.0 = Release|Any CPU
		{57F94A21-885E-400B-84A7-10F6272F6B46}.Debug|Any CPU.ActiveCfg = Debug|Any CPU
		{57F94A21-885E-400B-84A7-10F6272F6B46}.Debug|Any CPU.Build.0 = Debug|Any CPU
		{57F94A21-885E-400B-84A7-10F6272F6B46}.Release|Any CPU.ActiveCfg = Release|Any CPU
		{57F94A21-885E-400B-84A7-10F6272F6B46}.Release|Any CPU.Build.0 = Release|Any CPU
	EndGlobalSection
	GlobalSection(SolutionProperties) = preSolution
		HideSolutionNode = FALSE
	EndGlobalSection
	GlobalSection(NestedProjects) = preSolution
		{FC17F08B-8B56-47C0-BCDE-554D88FB9F8E} = {EF38AF7F-04C4-4128-B84A-811FF926DBC4}
		{FA769724-B672-4492-A37A-2BF7208AA3AB} = {EF38AF7F-04C4-4128-B84A-811FF926DBC4}
		{378941AA-B91D-411E-AF3E-1C09DAB69B3F} = {EF38AF7F-04C4-4128-B84A-811FF926DBC4}
		{DE259BFF-BA7E-4FDA-ACB0-8887F6FE7451} = {EF38AF7F-04C4-4128-B84A-811FF926DBC4}
		{EABE1B4E-EEC7-45FD-8574-97E683490C60} = {48C1D926-3790-46FF-88BE-EA70EA375AA4}
		{7D9BE41F-B6FC-4E47-B356-C8C372849623} = {B3AD1972-E0DC-4A74-A80A-C9CB649AE1F3}
		{7B20F2C6-CD7D-46F2-B038-679DAE5BE1B4} = {7D9BE41F-B6FC-4E47-B356-C8C372849623}
		{BBB151A6-7C3A-4F9C-9557-3C9F6D77AA77} = {C1158F77-4DBD-4822-AAAF-484F4F693E54}
		{14AA9E63-E75E-4890-8076-5816D68BB734} = {C1158F77-4DBD-4822-AAAF-484F4F693E54}
		{57F94A21-885E-400B-84A7-10F6272F6B46} = {C1158F77-4DBD-4822-AAAF-484F4F693E54}
	EndGlobalSection
EndGlobal
